// !$*UTF8*$!
{
	archiveVersion = 1;
	classes = {
	};
	objectVersion = 46;
	objects = {

/* Begin PBXBuildFile section */
		BA1EC1FB1A894AF4009BB3BF /* main.m in Sources */ = {isa = PBXBuildFile; fileRef = BA1EC1FA1A894AF4009BB3BF /* main.m */; };
		BA1EC1FE1A894AF4009BB3BF /* AppDelegate.m in Sources */ = {isa = PBXBuildFile; fileRef = BA1EC1FD1A894AF4009BB3BF /* AppDelegate.m */; };
		BA1EC2011A894AF4009BB3BF /* CoreDataHotels.xcdatamodeld in Sources */ = {isa = PBXBuildFile; fileRef = BA1EC1FF1A894AF4009BB3BF /* CoreDataHotels.xcdatamodeld */; };
		BA1EC2071A894AF4009BB3BF /* Main.storyboard in Resources */ = {isa = PBXBuildFile; fileRef = BA1EC2051A894AF4009BB3BF /* Main.storyboard */; };
		BA1EC2091A894AF4009BB3BF /* Images.xcassets in Resources */ = {isa = PBXBuildFile; fileRef = BA1EC2081A894AF4009BB3BF /* Images.xcassets */; };
		BA1EC20C1A894AF4009BB3BF /* LaunchScreen.xib in Resources */ = {isa = PBXBuildFile; fileRef = BA1EC20A1A894AF4009BB3BF /* LaunchScreen.xib */; };
		BA1EC2181A894AF4009BB3BF /* CoreDataHotelsTests.m in Sources */ = {isa = PBXBuildFile; fileRef = BA1EC2171A894AF4009BB3BF /* CoreDataHotelsTests.m */; };
		BA1EC2251A894B87009BB3BF /* seed.json in Resources */ = {isa = PBXBuildFile; fileRef = BA1EC2241A894B87009BB3BF /* seed.json */; };
		BA1EC2341A895F30009BB3BF /* HotelsViewController.m in Sources */ = {isa = PBXBuildFile; fileRef = BA1EC2331A895F30009BB3BF /* HotelsViewController.m */; };
		BA1EC2371A895F41009BB3BF /* RoomsViewController.m in Sources */ = {isa = PBXBuildFile; fileRef = BA1EC2361A895F41009BB3BF /* RoomsViewController.m */; };
		BA1EC2461A8AAA6B009BB3BF /* RoomBookViewController.m in Sources */ = {isa = PBXBuildFile; fileRef = BA1EC2451A8AAA6B009BB3BF /* RoomBookViewController.m */; };
		BA1EC2491A8AC334009BB3BF /* AvailabilityViewController.m in Sources */ = {isa = PBXBuildFile; fileRef = BA1EC2481A8AC334009BB3BF /* AvailabilityViewController.m */; };
		BA1EC24F1A8B2E52009BB3BF /* Reservation.m in Sources */ = {isa = PBXBuildFile; fileRef = BA1EC24E1A8B2E52009BB3BF /* Reservation.m */; };
		BA1EC2521A8B2E53009BB3BF /* Hotel.m in Sources */ = {isa = PBXBuildFile; fileRef = BA1EC2511A8B2E53009BB3BF /* Hotel.m */; };
		BA1EC2551A8B2E53009BB3BF /* Room.m in Sources */ = {isa = PBXBuildFile; fileRef = BA1EC2541A8B2E53009BB3BF /* Room.m */; };
		BA1EC2581A8B2E53009BB3BF /* Guest.m in Sources */ = {isa = PBXBuildFile; fileRef = BA1EC2571A8B2E53009BB3BF /* Guest.m */; };
		BA1EC25B1A8BFD19009BB3BF /* CoreDataStack.m in Sources */ = {isa = PBXBuildFile; fileRef = BA1EC25A1A8BFD19009BB3BF /* CoreDataStack.m */; };
		BA1EC25E1A8BFD35009BB3BF /* HotelService.m in Sources */ = {isa = PBXBuildFile; fileRef = BA1EC25D1A8BFD35009BB3BF /* HotelService.m */; };
		BA1EC2611A8C1DC5009BB3BF /* RoomReservationsViewController.m in Sources */ = {isa = PBXBuildFile; fileRef = BA1EC2601A8C1DC5009BB3BF /* RoomReservationsViewController.m */; };
		BA1EC2641A8C1E0A009BB3BF /* AvailableRoomsViewController.m in Sources */ = {isa = PBXBuildFile; fileRef = BA1EC2631A8C1E0A009BB3BF /* AvailableRoomsViewController.m */; };
		BA1EC2661A8D12F9009BB3BF /* HotelServicesTests.m in Sources */ = {isa = PBXBuildFile; fileRef = BA1EC2651A8D12F9009BB3BF /* HotelServicesTests.m */; };
		BA1EC2691A8D72A9009BB3BF /* HashTable.m in Sources */ = {isa = PBXBuildFile; fileRef = BA1EC2681A8D72A9009BB3BF /* HashTable.m */; };
		BA1EC26C1A8D72C3009BB3BF /* Bucket.m in Sources */ = {isa = PBXBuildFile; fileRef = BA1EC26B1A8D72C3009BB3BF /* Bucket.m */; };
/* End PBXBuildFile section */

/* Begin PBXContainerItemProxy section */
		BA1EC2121A894AF4009BB3BF /* PBXContainerItemProxy */ = {
			isa = PBXContainerItemProxy;
			containerPortal = BA1EC1ED1A894AF3009BB3BF /* Project object */;
			proxyType = 1;
			remoteGlobalIDString = BA1EC1F41A894AF3009BB3BF;
			remoteInfo = CoreDataHotels;
		};
/* End PBXContainerItemProxy section */

/* Begin PBXFileReference section */
		BA1EC1F51A894AF4009BB3BF /* CoreDataHotels.app */ = {isa = PBXFileReference; explicitFileType = wrapper.application; includeInIndex = 0; path = CoreDataHotels.app; sourceTree = BUILT_PRODUCTS_DIR; };
		BA1EC1F91A894AF4009BB3BF /* Info.plist */ = {isa = PBXFileReference; lastKnownFileType = text.plist.xml; path = Info.plist; sourceTree = "<group>"; };
		BA1EC1FA1A894AF4009BB3BF /* main.m */ = {isa = PBXFileReference; lastKnownFileType = sourcecode.c.objc; path = main.m; sourceTree = "<group>"; };
		BA1EC1FC1A894AF4009BB3BF /* AppDelegate.h */ = {isa = PBXFileReference; lastKnownFileType = sourcecode.c.h; path = AppDelegate.h; sourceTree = "<group>"; };
		BA1EC1FD1A894AF4009BB3BF /* AppDelegate.m */ = {isa = PBXFileReference; lastKnownFileType = sourcecode.c.objc; path = AppDelegate.m; sourceTree = "<group>"; };
		BA1EC2001A894AF4009BB3BF /* CoreDataHotels.xcdatamodel */ = {isa = PBXFileReference; lastKnownFileType = wrapper.xcdatamodel; path = CoreDataHotels.xcdatamodel; sourceTree = "<group>"; };
		BA1EC2061A894AF4009BB3BF /* Base */ = {isa = PBXFileReference; lastKnownFileType = file.storyboard; name = Base; path = Base.lproj/Main.storyboard; sourceTree = "<group>"; };
		BA1EC2081A894AF4009BB3BF /* Images.xcassets */ = {isa = PBXFileReference; lastKnownFileType = folder.assetcatalog; path = Images.xcassets; sourceTree = "<group>"; };
		BA1EC20B1A894AF4009BB3BF /* Base */ = {isa = PBXFileReference; lastKnownFileType = file.xib; name = Base; path = Base.lproj/LaunchScreen.xib; sourceTree = "<group>"; };
		BA1EC2111A894AF4009BB3BF /* CoreDataHotelsTests.xctest */ = {isa = PBXFileReference; explicitFileType = wrapper.cfbundle; includeInIndex = 0; path = CoreDataHotelsTests.xctest; sourceTree = BUILT_PRODUCTS_DIR; };
		BA1EC2161A894AF4009BB3BF /* Info.plist */ = {isa = PBXFileReference; lastKnownFileType = text.plist.xml; path = Info.plist; sourceTree = "<group>"; };
		BA1EC2171A894AF4009BB3BF /* CoreDataHotelsTests.m */ = {isa = PBXFileReference; lastKnownFileType = sourcecode.c.objc; path = CoreDataHotelsTests.m; sourceTree = "<group>"; };
		BA1EC2241A894B87009BB3BF /* seed.json */ = {isa = PBXFileReference; fileEncoding = 4; lastKnownFileType = text.json; path = seed.json; sourceTree = "<group>"; };
		BA1EC2321A895F30009BB3BF /* HotelsViewController.h */ = {isa = PBXFileReference; fileEncoding = 4; lastKnownFileType = sourcecode.c.h; path = HotelsViewController.h; sourceTree = "<group>"; };
		BA1EC2331A895F30009BB3BF /* HotelsViewController.m */ = {isa = PBXFileReference; fileEncoding = 4; lastKnownFileType = sourcecode.c.objc; path = HotelsViewController.m; sourceTree = "<group>"; };
		BA1EC2351A895F41009BB3BF /* RoomsViewController.h */ = {isa = PBXFileReference; fileEncoding = 4; lastKnownFileType = sourcecode.c.h; path = RoomsViewController.h; sourceTree = "<group>"; };
		BA1EC2361A895F41009BB3BF /* RoomsViewController.m */ = {isa = PBXFileReference; fileEncoding = 4; lastKnownFileType = sourcecode.c.objc; path = RoomsViewController.m; sourceTree = "<group>"; };
		BA1EC2441A8AAA6B009BB3BF /* RoomBookViewController.h */ = {isa = PBXFileReference; fileEncoding = 4; lastKnownFileType = sourcecode.c.h; path = RoomBookViewController.h; sourceTree = "<group>"; };
		BA1EC2451A8AAA6B009BB3BF /* RoomBookViewController.m */ = {isa = PBXFileReference; fileEncoding = 4; lastKnownFileType = sourcecode.c.objc; path = RoomBookViewController.m; sourceTree = "<group>"; };
		BA1EC2471A8AC334009BB3BF /* AvailabilityViewController.h */ = {isa = PBXFileReference; fileEncoding = 4; lastKnownFileType = sourcecode.c.h; path = AvailabilityViewController.h; sourceTree = "<group>"; };
		BA1EC2481A8AC334009BB3BF /* AvailabilityViewController.m */ = {isa = PBXFileReference; fileEncoding = 4; lastKnownFileType = sourcecode.c.objc; path = AvailabilityViewController.m; sourceTree = "<group>"; };
		BA1EC24D1A8B2E52009BB3BF /* Reservation.h */ = {isa = PBXFileReference; fileEncoding = 4; lastKnownFileType = sourcecode.c.h; path = Reservation.h; sourceTree = "<group>"; };
		BA1EC24E1A8B2E52009BB3BF /* Reservation.m */ = {isa = PBXFileReference; fileEncoding = 4; lastKnownFileType = sourcecode.c.objc; path = Reservation.m; sourceTree = "<group>"; };
		BA1EC2501A8B2E53009BB3BF /* Hotel.h */ = {isa = PBXFileReference; fileEncoding = 4; lastKnownFileType = sourcecode.c.h; path = Hotel.h; sourceTree = "<group>"; };
		BA1EC2511A8B2E53009BB3BF /* Hotel.m */ = {isa = PBXFileReference; fileEncoding = 4; lastKnownFileType = sourcecode.c.objc; path = Hotel.m; sourceTree = "<group>"; };
		BA1EC2531A8B2E53009BB3BF /* Room.h */ = {isa = PBXFileReference; fileEncoding = 4; lastKnownFileType = sourcecode.c.h; path = Room.h; sourceTree = "<group>"; };
		BA1EC2541A8B2E53009BB3BF /* Room.m */ = {isa = PBXFileReference; fileEncoding = 4; lastKnownFileType = sourcecode.c.objc; path = Room.m; sourceTree = "<group>"; };
		BA1EC2561A8B2E53009BB3BF /* Guest.h */ = {isa = PBXFileReference; fileEncoding = 4; lastKnownFileType = sourcecode.c.h; path = Guest.h; sourceTree = "<group>"; };
		BA1EC2571A8B2E53009BB3BF /* Guest.m */ = {isa = PBXFileReference; fileEncoding = 4; lastKnownFileType = sourcecode.c.objc; path = Guest.m; sourceTree = "<group>"; };
		BA1EC2591A8BFD19009BB3BF /* CoreDataStack.h */ = {isa = PBXFileReference; fileEncoding = 4; lastKnownFileType = sourcecode.c.h; path = CoreDataStack.h; sourceTree = "<group>"; };
		BA1EC25A1A8BFD19009BB3BF /* CoreDataStack.m */ = {isa = PBXFileReference; fileEncoding = 4; lastKnownFileType = sourcecode.c.objc; path = CoreDataStack.m; sourceTree = "<group>"; };
		BA1EC25C1A8BFD35009BB3BF /* HotelService.h */ = {isa = PBXFileReference; fileEncoding = 4; lastKnownFileType = sourcecode.c.h; path = HotelService.h; sourceTree = "<group>"; };
		BA1EC25D1A8BFD35009BB3BF /* HotelService.m */ = {isa = PBXFileReference; fileEncoding = 4; lastKnownFileType = sourcecode.c.objc; path = HotelService.m; sourceTree = "<group>"; };
		BA1EC25F1A8C1DC5009BB3BF /* RoomReservationsViewController.h */ = {isa = PBXFileReference; fileEncoding = 4; lastKnownFileType = sourcecode.c.h; path = RoomReservationsViewController.h; sourceTree = "<group>"; };
		BA1EC2601A8C1DC5009BB3BF /* RoomReservationsViewController.m */ = {isa = PBXFileReference; fileEncoding = 4; lastKnownFileType = sourcecode.c.objc; path = RoomReservationsViewController.m; sourceTree = "<group>"; };
		BA1EC2621A8C1E0A009BB3BF /* AvailableRoomsViewController.h */ = {isa = PBXFileReference; fileEncoding = 4; lastKnownFileType = sourcecode.c.h; path = AvailableRoomsViewController.h; sourceTree = "<group>"; };
		BA1EC2631A8C1E0A009BB3BF /* AvailableRoomsViewController.m */ = {isa = PBXFileReference; fileEncoding = 4; lastKnownFileType = sourcecode.c.objc; path = AvailableRoomsViewController.m; sourceTree = "<group>"; };
		BA1EC2651A8D12F9009BB3BF /* HotelServicesTests.m */ = {isa = PBXFileReference; fileEncoding = 4; lastKnownFileType = sourcecode.c.objc; path = HotelServicesTests.m; sourceTree = "<group>"; };
		BA1EC2671A8D72A9009BB3BF /* HashTable.h */ = {isa = PBXFileReference; fileEncoding = 4; lastKnownFileType = sourcecode.c.h; path = HashTable.h; sourceTree = "<group>"; };
		BA1EC2681A8D72A9009BB3BF /* HashTable.m */ = {isa = PBXFileReference; fileEncoding = 4; lastKnownFileType = sourcecode.c.objc; path = HashTable.m; sourceTree = "<group>"; };
		BA1EC26A1A8D72C3009BB3BF /* Bucket.h */ = {isa = PBXFileReference; fileEncoding = 4; lastKnownFileType = sourcecode.c.h; path = Bucket.h; sourceTree = "<group>"; };
		BA1EC26B1A8D72C3009BB3BF /* Bucket.m */ = {isa = PBXFileReference; fileEncoding = 4; lastKnownFileType = sourcecode.c.objc; path = Bucket.m; sourceTree = "<group>"; };
/* End PBXFileReference section */

/* Begin PBXFrameworksBuildPhase section */
		BA1EC1F21A894AF3009BB3BF /* Frameworks */ = {
			isa = PBXFrameworksBuildPhase;
			buildActionMask = 2147483647;
			files = (
			);
			runOnlyForDeploymentPostprocessing = 0;
		};
		BA1EC20E1A894AF4009BB3BF /* Frameworks */ = {
			isa = PBXFrameworksBuildPhase;
			buildActionMask = 2147483647;
			files = (
			);
			runOnlyForDeploymentPostprocessing = 0;
		};
/* End PBXFrameworksBuildPhase section */

/* Begin PBXGroup section */
		BA1EC1EC1A894AF3009BB3BF = {
			isa = PBXGroup;
			children = (
				BA1EC1F71A894AF4009BB3BF /* CoreDataHotels */,
				BA1EC2141A894AF4009BB3BF /* CoreDataHotelsTests */,
				BA1EC1F61A894AF4009BB3BF /* Products */,
			);
			sourceTree = "<group>";
		};
		BA1EC1F61A894AF4009BB3BF /* Products */ = {
			isa = PBXGroup;
			children = (
				BA1EC1F51A894AF4009BB3BF /* CoreDataHotels.app */,
				BA1EC2111A894AF4009BB3BF /* CoreDataHotelsTests.xctest */,
			);
			name = Products;
			sourceTree = "<group>";
		};
		BA1EC1F71A894AF4009BB3BF /* CoreDataHotels */ = {
			isa = PBXGroup;
			children = (
				BA1EC2231A894B13009BB3BF /* Models */,
				BA1EC2221A894B0C009BB3BF /* Views */,
				BA1EC2211A894B04009BB3BF /* Controllers */,
				BA1EC1FC1A894AF4009BB3BF /* AppDelegate.h */,
				BA1EC1FD1A894AF4009BB3BF /* AppDelegate.m */,
				BA1EC1FF1A894AF4009BB3BF /* CoreDataHotels.xcdatamodeld */,
				BA1EC1F81A894AF4009BB3BF /* Supporting Files */,
			);
			path = CoreDataHotels;
			sourceTree = "<group>";
		};
		BA1EC1F81A894AF4009BB3BF /* Supporting Files */ = {
			isa = PBXGroup;
			children = (
				BA1EC2241A894B87009BB3BF /* seed.json */,
				BA1EC1F91A894AF4009BB3BF /* Info.plist */,
				BA1EC1FA1A894AF4009BB3BF /* main.m */,
			);
			name = "Supporting Files";
			sourceTree = "<group>";
		};
		BA1EC2141A894AF4009BB3BF /* CoreDataHotelsTests */ = {
			isa = PBXGroup;
			children = (
				BA1EC2171A894AF4009BB3BF /* CoreDataHotelsTests.m */,
				BA1EC2651A8D12F9009BB3BF /* HotelServicesTests.m */,
				BA1EC2151A894AF4009BB3BF /* Supporting Files */,
			);
			path = CoreDataHotelsTests;
			sourceTree = "<group>";
		};
		BA1EC2151A894AF4009BB3BF /* Supporting Files */ = {
			isa = PBXGroup;
			children = (
				BA1EC2161A894AF4009BB3BF /* Info.plist */,
			);
			name = "Supporting Files";
			sourceTree = "<group>";
		};
		BA1EC2211A894B04009BB3BF /* Controllers */ = {
			isa = PBXGroup;
			children = (
				BA1EC2321A895F30009BB3BF /* HotelsViewController.h */,
				BA1EC2331A895F30009BB3BF /* HotelsViewController.m */,
				BA1EC2351A895F41009BB3BF /* RoomsViewController.h */,
				BA1EC2361A895F41009BB3BF /* RoomsViewController.m */,
				BA1EC2441A8AAA6B009BB3BF /* RoomBookViewController.h */,
				BA1EC2451A8AAA6B009BB3BF /* RoomBookViewController.m */,
				BA1EC2471A8AC334009BB3BF /* AvailabilityViewController.h */,
				BA1EC2481A8AC334009BB3BF /* AvailabilityViewController.m */,
				BA1EC2621A8C1E0A009BB3BF /* AvailableRoomsViewController.h */,
				BA1EC2631A8C1E0A009BB3BF /* AvailableRoomsViewController.m */,
				BA1EC25F1A8C1DC5009BB3BF /* RoomReservationsViewController.h */,
				BA1EC2601A8C1DC5009BB3BF /* RoomReservationsViewController.m */,
			);
			name = Controllers;
			sourceTree = "<group>";
		};
		BA1EC2221A894B0C009BB3BF /* Views */ = {
			isa = PBXGroup;
			children = (
				BA1EC20A1A894AF4009BB3BF /* LaunchScreen.xib */,
				BA1EC2081A894AF4009BB3BF /* Images.xcassets */,
				BA1EC2051A894AF4009BB3BF /* Main.storyboard */,
			);
			name = Views;
			sourceTree = "<group>";
		};
		BA1EC2231A894B13009BB3BF /* Models */ = {
			isa = PBXGroup;
			children = (
				BA1EC2501A8B2E53009BB3BF /* Hotel.h */,
				BA1EC2511A8B2E53009BB3BF /* Hotel.m */,
				BA1EC2531A8B2E53009BB3BF /* Room.h */,
				BA1EC2541A8B2E53009BB3BF /* Room.m */,
				BA1EC24D1A8B2E52009BB3BF /* Reservation.h */,
				BA1EC24E1A8B2E52009BB3BF /* Reservation.m */,
				BA1EC2561A8B2E53009BB3BF /* Guest.h */,
				BA1EC2571A8B2E53009BB3BF /* Guest.m */,
				BA1EC2591A8BFD19009BB3BF /* CoreDataStack.h */,
				BA1EC25A1A8BFD19009BB3BF /* CoreDataStack.m */,
				BA1EC25C1A8BFD35009BB3BF /* HotelService.h */,
				BA1EC25D1A8BFD35009BB3BF /* HotelService.m */,
				BA1EC2671A8D72A9009BB3BF /* HashTable.h */,
				BA1EC2681A8D72A9009BB3BF /* HashTable.m */,
				BA1EC26A1A8D72C3009BB3BF /* Bucket.h */,
				BA1EC26B1A8D72C3009BB3BF /* Bucket.m */,
			);
			name = Models;
			sourceTree = "<group>";
		};
/* End PBXGroup section */

/* Begin PBXNativeTarget section */
		BA1EC1F41A894AF3009BB3BF /* CoreDataHotels */ = {
			isa = PBXNativeTarget;
			buildConfigurationList = BA1EC21B1A894AF4009BB3BF /* Build configuration list for PBXNativeTarget "CoreDataHotels" */;
			buildPhases = (
				BA1EC1F11A894AF3009BB3BF /* Sources */,
				BA1EC1F21A894AF3009BB3BF /* Frameworks */,
				BA1EC1F31A894AF3009BB3BF /* Resources */,
			);
			buildRules = (
			);
			dependencies = (
			);
			name = CoreDataHotels;
			productName = CoreDataHotels;
			productReference = BA1EC1F51A894AF4009BB3BF /* CoreDataHotels.app */;
			productType = "com.apple.product-type.application";
		};
		BA1EC2101A894AF4009BB3BF /* CoreDataHotelsTests */ = {
			isa = PBXNativeTarget;
			buildConfigurationList = BA1EC21E1A894AF4009BB3BF /* Build configuration list for PBXNativeTarget "CoreDataHotelsTests" */;
			buildPhases = (
				BA1EC20D1A894AF4009BB3BF /* Sources */,
				BA1EC20E1A894AF4009BB3BF /* Frameworks */,
				BA1EC20F1A894AF4009BB3BF /* Resources */,
			);
			buildRules = (
			);
			dependencies = (
				BA1EC2131A894AF4009BB3BF /* PBXTargetDependency */,
			);
			name = CoreDataHotelsTests;
			productName = CoreDataHotelsTests;
			productReference = BA1EC2111A894AF4009BB3BF /* CoreDataHotelsTests.xctest */;
			productType = "com.apple.product-type.bundle.unit-test";
		};
/* End PBXNativeTarget section */

/* Begin PBXProject section */
		BA1EC1ED1A894AF3009BB3BF /* Project object */ = {
			isa = PBXProject;
			attributes = {
				LastUpgradeCheck = 0610;
				ORGANIZATIONNAME = "Alexandra Norcross";
				TargetAttributes = {
					BA1EC1F41A894AF3009BB3BF = {
						CreatedOnToolsVersion = 6.1.1;
					};
					BA1EC2101A894AF4009BB3BF = {
						CreatedOnToolsVersion = 6.1.1;
						TestTargetID = BA1EC1F41A894AF3009BB3BF;
					};
				};
			};
			buildConfigurationList = BA1EC1F01A894AF3009BB3BF /* Build configuration list for PBXProject "CoreDataHotels" */;
			compatibilityVersion = "Xcode 3.2";
			developmentRegion = English;
			hasScannedForEncodings = 0;
			knownRegions = (
				en,
				Base,
			);
			mainGroup = BA1EC1EC1A894AF3009BB3BF;
			productRefGroup = BA1EC1F61A894AF4009BB3BF /* Products */;
			projectDirPath = "";
			projectRoot = "";
			targets = (
				BA1EC1F41A894AF3009BB3BF /* CoreDataHotels */,
				BA1EC2101A894AF4009BB3BF /* CoreDataHotelsTests */,
			);
		};
/* End PBXProject section */

/* Begin PBXResourcesBuildPhase section */
		BA1EC1F31A894AF3009BB3BF /* Resources */ = {
			isa = PBXResourcesBuildPhase;
			buildActionMask = 2147483647;
			files = (
				BA1EC2071A894AF4009BB3BF /* Main.storyboard in Resources */,
				BA1EC20C1A894AF4009BB3BF /* LaunchScreen.xib in Resources */,
				BA1EC2251A894B87009BB3BF /* seed.json in Resources */,
				BA1EC2091A894AF4009BB3BF /* Images.xcassets in Resources */,
			);
			runOnlyForDeploymentPostprocessing = 0;
		};
		BA1EC20F1A894AF4009BB3BF /* Resources */ = {
			isa = PBXResourcesBuildPhase;
			buildActionMask = 2147483647;
			files = (
			);
			runOnlyForDeploymentPostprocessing = 0;
		};
/* End PBXResourcesBuildPhase section */

/* Begin PBXSourcesBuildPhase section */
		BA1EC1F11A894AF3009BB3BF /* Sources */ = {
			isa = PBXSourcesBuildPhase;
			buildActionMask = 2147483647;
			files = (
				BA1EC2611A8C1DC5009BB3BF /* RoomReservationsViewController.m in Sources */,
				BA1EC2551A8B2E53009BB3BF /* Room.m in Sources */,
				BA1EC2691A8D72A9009BB3BF /* HashTable.m in Sources */,
				BA1EC2521A8B2E53009BB3BF /* Hotel.m in Sources */,
				BA1EC25E1A8BFD35009BB3BF /* HotelService.m in Sources */,
				BA1EC1FE1A894AF4009BB3BF /* AppDelegate.m in Sources */,
				BA1EC1FB1A894AF4009BB3BF /* main.m in Sources */,
				BA1EC24F1A8B2E52009BB3BF /* Reservation.m in Sources */,
				BA1EC2011A894AF4009BB3BF /* CoreDataHotels.xcdatamodeld in Sources */,
				BA1EC2341A895F30009BB3BF /* HotelsViewController.m in Sources */,
				BA1EC2491A8AC334009BB3BF /* AvailabilityViewController.m in Sources */,
				BA1EC2641A8C1E0A009BB3BF /* AvailableRoomsViewController.m in Sources */,
				BA1EC2461A8AAA6B009BB3BF /* RoomBookViewController.m in Sources */,
				BA1EC2581A8B2E53009BB3BF /* Guest.m in Sources */,
				BA1EC2371A895F41009BB3BF /* RoomsViewController.m in Sources */,
				BA1EC26C1A8D72C3009BB3BF /* Bucket.m in Sources */,
				BA1EC25B1A8BFD19009BB3BF /* CoreDataStack.m in Sources */,
			);
			runOnlyForDeploymentPostprocessing = 0;
		};
		BA1EC20D1A894AF4009BB3BF /* Sources */ = {
			isa = PBXSourcesBuildPhase;
			buildActionMask = 2147483647;
			files = (
				BA1EC2661A8D12F9009BB3BF /* HotelServicesTests.m in Sources */,
				BA1EC2181A894AF4009BB3BF /* CoreDataHotelsTests.m in Sources */,
			);
			runOnlyForDeploymentPostprocessing = 0;
		};
/* End PBXSourcesBuildPhase section */

/* Begin PBXTargetDependency section */
		BA1EC2131A894AF4009BB3BF /* PBXTargetDependency */ = {
			isa = PBXTargetDependency;
			target = BA1EC1F41A894AF3009BB3BF /* CoreDataHotels */;
			targetProxy = BA1EC2121A894AF4009BB3BF /* PBXContainerItemProxy */;
		};
/* End PBXTargetDependency section */

/* Begin PBXVariantGroup section */
		BA1EC2051A894AF4009BB3BF /* Main.storyboard */ = {
			isa = PBXVariantGroup;
			children = (
				BA1EC2061A894AF4009BB3BF /* Base */,
			);
			name = Main.storyboard;
			sourceTree = "<group>";
		};
		BA1EC20A1A894AF4009BB3BF /* LaunchScreen.xib */ = {
			isa = PBXVariantGroup;
			children = (
				BA1EC20B1A894AF4009BB3BF /* Base */,
			);
			name = LaunchScreen.xib;
			sourceTree = "<group>";
		};
/* End PBXVariantGroup section */

/* Begin XCBuildConfiguration section */
		BA1EC2191A894AF4009BB3BF /* Debug */ = {
			isa = XCBuildConfiguration;
			buildSettings = {
				ALWAYS_SEARCH_USER_PATHS = NO;
				CLANG_CXX_LANGUAGE_STANDARD = "gnu++0x";
				CLANG_CXX_LIBRARY = "libc++";
				CLANG_ENABLE_MODULES = YES;
				CLANG_ENABLE_OBJC_ARC = YES;
				CLANG_WARN_BOOL_CONVERSION = YES;
				CLANG_WARN_CONSTANT_CONVERSION = YES;
				CLANG_WARN_DIRECT_OBJC_ISA_USAGE = YES_ERROR;
				CLANG_WARN_EMPTY_BODY = YES;
				CLANG_WARN_ENUM_CONVERSION = YES;
				CLANG_WARN_INT_CONVERSION = YES;
				CLANG_WARN_OBJC_ROOT_CLASS = YES_ERROR;
				CLANG_WARN_UNREACHABLE_CODE = YES;
				CLANG_WARN__DUPLICATE_METHOD_MATCH = YES;
				"CODE_SIGN_IDENTITY[sdk=iphoneos*]" = "iPhone Developer";
				COPY_PHASE_STRIP = NO;
				ENABLE_STRICT_OBJC_MSGSEND = YES;
				GCC_C_LANGUAGE_STANDARD = gnu99;
				GCC_DYNAMIC_NO_PIC = NO;
				GCC_OPTIMIZATION_LEVEL = 0;
				GCC_PREPROCESSOR_DEFINITIONS = (
					"DEBUG=1",
					"$(inherited)",
				);
				GCC_SYMBOLS_PRIVATE_EXTERN = NO;
				GCC_WARN_64_TO_32_BIT_CONVERSION = YES;
				GCC_WARN_ABOUT_RETURN_TYPE = YES_ERROR;
				GCC_WARN_UNDECLARED_SELECTOR = YES;
				GCC_WARN_UNINITIALIZED_AUTOS = YES_AGGRESSIVE;
				GCC_WARN_UNUSED_FUNCTION = YES;
				GCC_WARN_UNUSED_VARIABLE = YES;
				IPHONEOS_DEPLOYMENT_TARGET = 8.1;
				MTL_ENABLE_DEBUG_INFO = YES;
				ONLY_ACTIVE_ARCH = YES;
				SDKROOT = iphoneos;
				TARGETED_DEVICE_FAMILY = "1,2";
			};
			name = Debug;
		};
		BA1EC21A1A894AF4009BB3BF /* Release */ = {
			isa = XCBuildConfiguration;
			buildSettings = {
				ALWAYS_SEARCH_USER_PATHS = NO;
				CLANG_CXX_LANGUAGE_STANDARD = "gnu++0x";
				CLANG_CXX_LIBRARY = "libc++";
				CLANG_ENABLE_MODULES = YES;
				CLANG_ENABLE_OBJC_ARC = YES;
				CLANG_WARN_BOOL_CONVERSION = YES;
				CLANG_WARN_CONSTANT_CONVERSION = YES;
				CLANG_WARN_DIRECT_OBJC_ISA_USAGE = YES_ERROR;
				CLANG_WARN_EMPTY_BODY = YES;
				CLANG_WARN_ENUM_CONVERSION = YES;
				CLANG_WARN_INT_CONVERSION = YES;
				CLANG_WARN_OBJC_ROOT_CLASS = YES_ERROR;
				CLANG_WARN_UNREACHABLE_CODE = YES;
				CLANG_WARN__DUPLICATE_METHOD_MATCH = YES;
				"CODE_SIGN_IDENTITY[sdk=iphoneos*]" = "iPhone Developer";
				COPY_PHASE_STRIP = YES;
				ENABLE_NS_ASSERTIONS = NO;
				ENABLE_STRICT_OBJC_MSGSEND = YES;
				GCC_C_LANGUAGE_STANDARD = gnu99;
				GCC_WARN_64_TO_32_BIT_CONVERSION = YES;
				GCC_WARN_ABOUT_RETURN_TYPE = YES_ERROR;
				GCC_WARN_UNDECLARED_SELECTOR = YES;
				GCC_WARN_UNINITIALIZED_AUTOS = YES_AGGRESSIVE;
				GCC_WARN_UNUSED_FUNCTION = YES;
				GCC_WARN_UNUSED_VARIABLE = YES;
				IPHONEOS_DEPLOYMENT_TARGET = 8.1;
				MTL_ENABLE_DEBUG_INFO = NO;
				SDKROOT = iphoneos;
				TARGETED_DEVICE_FAMILY = "1,2";
				VALIDATE_PRODUCT = YES;
			};
			name = Release;
		};
		BA1EC21C1A894AF4009BB3BF /* Debug */ = {
			isa = XCBuildConfiguration;
			buildSettings = {
				ASSETCATALOG_COMPILER_APPICON_NAME = AppIcon;
				INFOPLIST_FILE = CoreDataHotels/Info.plist;
				LD_RUNPATH_SEARCH_PATHS = "$(inherited) @executable_path/Frameworks";
				PRODUCT_NAME = "$(TARGET_NAME)";
			};
			name = Debug;
		};
		BA1EC21D1A894AF4009BB3BF /* Release */ = {
			isa = XCBuildConfiguration;
			buildSettings = {
				ASSETCATALOG_COMPILER_APPICON_NAME = AppIcon;
				INFOPLIST_FILE = CoreDataHotels/Info.plist;
				LD_RUNPATH_SEARCH_PATHS = "$(inherited) @executable_path/Frameworks";
				PRODUCT_NAME = "$(TARGET_NAME)";
			};
			name = Release;
		};
		BA1EC21F1A894AF4009BB3BF /* Debug */ = {
			isa = XCBuildConfiguration;
			buildSettings = {
				BUNDLE_LOADER = "$(TEST_HOST)";
				FRAMEWORK_SEARCH_PATHS = (
					"$(SDKROOT)/Developer/Library/Frameworks",
					"$(inherited)",
				);
				GCC_PREPROCESSOR_DEFINITIONS = (
					"DEBUG=1",
					"$(inherited)",
				);
				INFOPLIST_FILE = CoreDataHotelsTests/Info.plist;
				LD_RUNPATH_SEARCH_PATHS = "$(inherited) @executable_path/Frameworks @loader_path/Frameworks";
				PRODUCT_NAME = "$(TARGET_NAME)";
				TEST_HOST = "$(BUILT_PRODUCTS_DIR)/CoreDataHotels.app/CoreDataHotels";
			};
			name = Debug;
		};
		BA1EC2201A894AF4009BB3BF /* Release */ = {
			isa = XCBuildConfiguration;
			buildSettings = {
				BUNDLE_LOADER = "$(TEST_HOST)";
				FRAMEWORK_SEARCH_PATHS = (
					"$(SDKROOT)/Developer/Library/Frameworks",
					"$(inherited)",
				);
				INFOPLIST_FILE = CoreDataHotelsTests/Info.plist;
				LD_RUNPATH_SEARCH_PATHS = "$(inherited) @executable_path/Frameworks @loader_path/Frameworks";
				PRODUCT_NAME = "$(TARGET_NAME)";
				TEST_HOST = "$(BUILT_PRODUCTS_DIR)/CoreDataHotels.app/CoreDataHotels";
			};
			name = Release;
		};
/* End XCBuildConfiguration section */

/* Begin XCConfigurationList section */
		BA1EC1F01A894AF3009BB3BF /* Build configuration list for PBXProject "CoreDataHotels" */ = {
			isa = XCConfigurationList;
			buildConfigurations = (
				BA1EC2191A894AF4009BB3BF /* Debug */,
				BA1EC21A1A894AF4009BB3BF /* Release */,
			);
			defaultConfigurationIsVisible = 0;
			defaultConfigurationName = Release;
		};
		BA1EC21B1A894AF4009BB3BF /* Build configuration list for PBXNativeTarget "CoreDataHotels" */ = {
			isa = XCConfigurationList;
			buildConfigurations = (
				BA1EC21C1A894AF4009BB3BF /* Debug */,
				BA1EC21D1A894AF4009BB3BF /* Release */,
			);
			defaultConfigurationIsVisible = 0;
			defaultConfigurationName = Release;
		};
		BA1EC21E1A894AF4009BB3BF /* Build configuration list for PBXNativeTarget "CoreDataHotelsTests" */ = {
			isa = XCConfigurationList;
			buildConfigurations = (
				BA1EC21F1A894AF4009BB3BF /* Debug */,
				BA1EC2201A894AF4009BB3BF /* Release */,
			);
			defaultConfigurationIsVisible = 0;
			defaultConfigurationName = Release;
		};
/* End XCConfigurationList section */

/* Begin XCVersionGroup section */
		BA1EC1FF1A894AF4009BB3BF /* CoreDataHotels.xcdatamodeld */ = {
			isa = XCVersionGroup;
			children = (
				BA1EC2001A894AF4009BB3BF /* CoreDataHotels.xcdatamodel */,
			);
			currentVersion = BA1EC2001A894AF4009BB3BF /* CoreDataHotels.xcdatamodel */;
			path = CoreDataHotels.xcdatamodeld;
			sourceTree = "<group>";
			versionGroupType = wrapper.xcdatamodel;
		};
/* End XCVersionGroup section */
	};
	rootObject = BA1EC1ED1A894AF3009BB3BF /* Project object */;
}
